
Microsoft Visual Studio Solution File, Format Version 12.00
# Visual Studio Version 16
VisualStudioVersion = 16.0.30225.117
MinimumVisualStudioVersion = 10.0.40219.1
Project("{FAE04EC0-301F-11D3-BF4B-00C04F79EFBC}") = "cardGame", "cardGame\cardGame.csproj", "{C03CC4C2-8FAC-42E0-9A0F-88C75CE50857}"
EndProject
Project("{FAE04EC0-301F-11D3-BF4B-00C04F79EFBC}") = "ApendAray", "ApendAray\ApendAray.csproj", "{01D65E55-E229-4C43-95EC-FC71F25757D9}"
EndProject
Global
	GlobalSection(SolutionConfigurationPlatforms) = preSolution
		Debug|Any CPU = Debug|Any CPU
		Release|Any CPU = Release|Any CPU
	EndGlobalSection
	GlobalSection(ProjectConfigurationPlatforms) = postSolution
		{C03CC4C2-8FAC-42E0-9A0F-88C75CE50857}.Debug|Any CPU.ActiveCfg = Debug|Any CPU
		{C03CC4C2-8FAC-42E0-9A0F-88C75CE50857}.Debug|Any CPU.Build.0 = Debug|Any CPU
		{C03CC4C2-8FAC-42E0-9A0F-88C75CE50857}.Release|Any CPU.ActiveCfg = Release|Any CPU
		{C03CC4C2-8FAC-42E0-9A0F-88C75CE50857}.Release|Any CPU.Build.0 = Release|Any CPU
		{01D65E55-E229-4C43-95EC-FC71F25757D9}.Debug|Any CPU.ActiveCfg = Debug|Any CPU
		{01D65E55-E229-4C43-95EC-FC71F25757D9}.Debug|Any CPU.Build.0 = Debug|Any CPU
		{01D65E55-E229-4C43-95EC-FC71F25757D9}.Release|Any CPU.ActiveCfg = Release|Any CPU
		{01D65E55-E229-4C43-95EC-FC71F25757D9}.Release|Any CPU.Build.0 = Release|Any CPU
	EndGlobalSection
	GlobalSection(SolutionProperties) = preSolution
		HideSolutionNode = FALSE
	EndGlobalSection
	GlobalSection(ExtensibilityGlobals) = postSolution
		SolutionGuid = {3F499720-93FF-40F3-B87C-57EBE2C84641}
	EndGlobalSection
EndGlobal
