
Microsoft Visual Studio Solution File, Format Version 12.00
# Visual Studio Version 16
VisualStudioVersion = 16.0.30225.117
MinimumVisualStudioVersion = 10.0.40219.1
Project("{FAE04EC0-301F-11D3-BF4B-00C04F79EFBC}") = "listsExersize", "listsExersize\listsExersize.csproj", "{C6A33369-EA7B-4E40-8458-604A48D32C8B}"
EndProject
Project("{FAE04EC0-301F-11D3-BF4B-00C04F79EFBC}") = "02.Change List", "02.Change List\02.Change List.csproj", "{7463A8AD-CAA7-4354-832B-B40DA866FD1F}"
EndProject
Project("{FAE04EC0-301F-11D3-BF4B-00C04F79EFBC}") = "House Party", "House Party\House Party.csproj", "{AEDF8FF2-73E5-4D39-931B-28E032E3798A}"
EndProject
Global
	GlobalSection(SolutionConfigurationPlatforms) = preSolution
		Debug|Any CPU = Debug|Any CPU
		Release|Any CPU = Release|Any CPU
	EndGlobalSection
	GlobalSection(ProjectConfigurationPlatforms) = postSolution
		{C6A33369-EA7B-4E40-8458-604A48D32C8B}.Debug|Any CPU.ActiveCfg = Debug|Any CPU
		{C6A33369-EA7B-4E40-8458-604A48D32C8B}.Debug|Any CPU.Build.0 = Debug|Any CPU
		{C6A33369-EA7B-4E40-8458-604A48D32C8B}.Release|Any CPU.ActiveCfg = Release|Any CPU
		{C6A33369-EA7B-4E40-8458-604A48D32C8B}.Release|Any CPU.Build.0 = Release|Any CPU
		{7463A8AD-CAA7-4354-832B-B40DA866FD1F}.Debug|Any CPU.ActiveCfg = Debug|Any CPU
		{7463A8AD-CAA7-4354-832B-B40DA866FD1F}.Debug|Any CPU.Build.0 = Debug|Any CPU
		{7463A8AD-CAA7-4354-832B-B40DA866FD1F}.Release|Any CPU.ActiveCfg = Release|Any CPU
		{7463A8AD-CAA7-4354-832B-B40DA866FD1F}.Release|Any CPU.Build.0 = Release|Any CPU
		{AEDF8FF2-73E5-4D39-931B-28E032E3798A}.Debug|Any CPU.ActiveCfg = Debug|Any CPU
		{AEDF8FF2-73E5-4D39-931B-28E032E3798A}.Debug|Any CPU.Build.0 = Debug|Any CPU
		{AEDF8FF2-73E5-4D39-931B-28E032E3798A}.Release|Any CPU.ActiveCfg = Release|Any CPU
		{AEDF8FF2-73E5-4D39-931B-28E032E3798A}.Release|Any CPU.Build.0 = Release|Any CPU
	EndGlobalSection
	GlobalSection(SolutionProperties) = preSolution
		HideSolutionNode = FALSE
	EndGlobalSection
	GlobalSection(ExtensibilityGlobals) = postSolution
		SolutionGuid = {ED3EC346-ED13-4460-92CC-B09634D1E935}
	EndGlobalSection
EndGlobal
