
Microsoft Visual Studio Solution File, Format Version 12.00
# Visual Studio Version 16
VisualStudioVersion = 16.0.30225.117
MinimumVisualStudioVersion = 10.0.40219.1
Project("{FAE04EC0-301F-11D3-BF4B-00C04F79EFBC}") = "CompanyRoster", "CompanyRoster\CompanyRoster.csproj", "{D8F57AE1-FC10-41C7-A7EC-F28187826F1D}"
EndProject
Global
	GlobalSection(SolutionConfigurationPlatforms) = preSolution
		Debug|Any CPU = Debug|Any CPU
		Release|Any CPU = Release|Any CPU
	EndGlobalSection
	GlobalSection(ProjectConfigurationPlatforms) = postSolution
		{D8F57AE1-FC10-41C7-A7EC-F28187826F1D}.Debug|Any CPU.ActiveCfg = Debug|Any CPU
		{D8F57AE1-FC10-41C7-A7EC-F28187826F1D}.Debug|Any CPU.Build.0 = Debug|Any CPU
		{D8F57AE1-FC10-41C7-A7EC-F28187826F1D}.Release|Any CPU.ActiveCfg = Release|Any CPU
		{D8F57AE1-FC10-41C7-A7EC-F28187826F1D}.Release|Any CPU.Build.0 = Release|Any CPU
	EndGlobalSection
	GlobalSection(SolutionProperties) = preSolution
		HideSolutionNode = FALSE
	EndGlobalSection
	GlobalSection(ExtensibilityGlobals) = postSolution
		SolutionGuid = {5D64B5AB-FDAE-4DDD-9FFD-E909F34B3E4C}
	EndGlobalSection
EndGlobal
