
Microsoft Visual Studio Solution File, Format Version 12.00
# Visual Studio Version 16
VisualStudioVersion = 16.0.30225.117
MinimumVisualStudioVersion = 10.0.40219.1
Project("{FAE04EC0-301F-11D3-BF4B-00C04F79EFBC}") = "PasswordResset", "PasswordResset\PasswordResset.csproj", "{217B0C39-D96A-44C7-8CF8-A9DE18592FDD}"
EndProject
Project("{FAE04EC0-301F-11D3-BF4B-00C04F79EFBC}") = "FancyBarcodes", "FancyBarcodes\FancyBarcodes.csproj", "{6FFE92F5-5F7B-4AAB-963B-BC3AEFFA210A}"
EndProject
Project("{FAE04EC0-301F-11D3-BF4B-00C04F79EFBC}") = "Game", "Game\Game.csproj", "{BC74F3C6-3D74-478D-993A-37CA4417C10B}"
EndProject
Project("{FAE04EC0-301F-11D3-BF4B-00C04F79EFBC}") = "RegexFinal", "RegexFinal\RegexFinal.csproj", "{E8C7BEFA-D99F-4013-B45A-47400007C7EC}"
EndProject
Global
	GlobalSection(SolutionConfigurationPlatforms) = preSolution
		Debug|Any CPU = Debug|Any CPU
		Release|Any CPU = Release|Any CPU
	EndGlobalSection
	GlobalSection(ProjectConfigurationPlatforms) = postSolution
		{217B0C39-D96A-44C7-8CF8-A9DE18592FDD}.Debug|Any CPU.ActiveCfg = Debug|Any CPU
		{217B0C39-D96A-44C7-8CF8-A9DE18592FDD}.Debug|Any CPU.Build.0 = Debug|Any CPU
		{217B0C39-D96A-44C7-8CF8-A9DE18592FDD}.Release|Any CPU.ActiveCfg = Release|Any CPU
		{217B0C39-D96A-44C7-8CF8-A9DE18592FDD}.Release|Any CPU.Build.0 = Release|Any CPU
		{6FFE92F5-5F7B-4AAB-963B-BC3AEFFA210A}.Debug|Any CPU.ActiveCfg = Debug|Any CPU
		{6FFE92F5-5F7B-4AAB-963B-BC3AEFFA210A}.Debug|Any CPU.Build.0 = Debug|Any CPU
		{6FFE92F5-5F7B-4AAB-963B-BC3AEFFA210A}.Release|Any CPU.ActiveCfg = Release|Any CPU
		{6FFE92F5-5F7B-4AAB-963B-BC3AEFFA210A}.Release|Any CPU.Build.0 = Release|Any CPU
		{BC74F3C6-3D74-478D-993A-37CA4417C10B}.Debug|Any CPU.ActiveCfg = Debug|Any CPU
		{BC74F3C6-3D74-478D-993A-37CA4417C10B}.Debug|Any CPU.Build.0 = Debug|Any CPU
		{BC74F3C6-3D74-478D-993A-37CA4417C10B}.Release|Any CPU.ActiveCfg = Release|Any CPU
		{BC74F3C6-3D74-478D-993A-37CA4417C10B}.Release|Any CPU.Build.0 = Release|Any CPU
		{E8C7BEFA-D99F-4013-B45A-47400007C7EC}.Debug|Any CPU.ActiveCfg = Debug|Any CPU
		{E8C7BEFA-D99F-4013-B45A-47400007C7EC}.Debug|Any CPU.Build.0 = Debug|Any CPU
		{E8C7BEFA-D99F-4013-B45A-47400007C7EC}.Release|Any CPU.ActiveCfg = Release|Any CPU
		{E8C7BEFA-D99F-4013-B45A-47400007C7EC}.Release|Any CPU.Build.0 = Release|Any CPU
	EndGlobalSection
	GlobalSection(SolutionProperties) = preSolution
		HideSolutionNode = FALSE
	EndGlobalSection
	GlobalSection(ExtensibilityGlobals) = postSolution
		SolutionGuid = {4966D698-343A-41D6-90BE-E5570CEF60CB}
	EndGlobalSection
EndGlobal
