
Microsoft Visual Studio Solution File, Format Version 12.00
# Visual Studio Version 16
VisualStudioVersion = 16.0.30225.117
MinimumVisualStudioVersion = 10.0.40219.1
Project("{FAE04EC0-301F-11D3-BF4B-00C04F79EFBC}") = "movingTarget", "movingTarget\movingTarget.csproj", "{48706093-FA2C-468E-9557-48A9A41D274A}"
EndProject
Global
	GlobalSection(SolutionConfigurationPlatforms) = preSolution
		Debug|Any CPU = Debug|Any CPU
		Release|Any CPU = Release|Any CPU
	EndGlobalSection
	GlobalSection(ProjectConfigurationPlatforms) = postSolution
		{48706093-FA2C-468E-9557-48A9A41D274A}.Debug|Any CPU.ActiveCfg = Debug|Any CPU
		{48706093-FA2C-468E-9557-48A9A41D274A}.Debug|Any CPU.Build.0 = Debug|Any CPU
		{48706093-FA2C-468E-9557-48A9A41D274A}.Release|Any CPU.ActiveCfg = Release|Any CPU
		{48706093-FA2C-468E-9557-48A9A41D274A}.Release|Any CPU.Build.0 = Release|Any CPU
	EndGlobalSection
	GlobalSection(SolutionProperties) = preSolution
		HideSolutionNode = FALSE
	EndGlobalSection
	GlobalSection(ExtensibilityGlobals) = postSolution
		SolutionGuid = {4F9118A5-E95F-4473-BDF8-EC78B06C3091}
	EndGlobalSection
EndGlobal
