
Microsoft Visual Studio Solution File, Format Version 12.00
# Visual Studio Version 16
VisualStudioVersion = 16.0.30225.117
MinimumVisualStudioVersion = 10.0.40219.1
Project("{9A19103F-16F7-4668-BE54-9A1E7A4F7556}") = "NationalCourt", "NationalCourt\NationalCourt.csproj", "{FC2165CF-E2C2-4F19-8952-8199DD1877E2}"
EndProject
Project("{9A19103F-16F7-4668-BE54-9A1E7A4F7556}") = "ShopingList", "ShopingList\ShopingList.csproj", "{05C53B41-46AC-48F5-AF88-9A23D89AA357}"
EndProject
Project("{9A19103F-16F7-4668-BE54-9A1E7A4F7556}") = "ValentineDay", "ValentineDay\ValentineDay.csproj", "{1D954869-9C29-471F-B090-D153A02B485F}"
EndProject
Project("{FAE04EC0-301F-11D3-BF4B-00C04F79EFBC}") = "DisnyLand", "DisnyLand\DisnyLand.csproj", "{2C685D30-3182-46E0-9DC3-65C01E562509}"
EndProject
Project("{FAE04EC0-301F-11D3-BF4B-00C04F79EFBC}") = "Archery Tournament", "Archery Tournament\Archery Tournament.csproj", "{7F96B064-ED01-4C46-85C1-ADCFE480DAB0}"
EndProject
Project("{FAE04EC0-301F-11D3-BF4B-00C04F79EFBC}") = "Numbers", "Numbers\Numbers.csproj", "{17ED36C6-FBFA-4F4C-9262-9543280D979A}"
EndProject
Global
	GlobalSection(SolutionConfigurationPlatforms) = preSolution
		Debug|Any CPU = Debug|Any CPU
		Release|Any CPU = Release|Any CPU
	EndGlobalSection
	GlobalSection(ProjectConfigurationPlatforms) = postSolution
		{FC2165CF-E2C2-4F19-8952-8199DD1877E2}.Debug|Any CPU.ActiveCfg = Debug|Any CPU
		{FC2165CF-E2C2-4F19-8952-8199DD1877E2}.Debug|Any CPU.Build.0 = Debug|Any CPU
		{FC2165CF-E2C2-4F19-8952-8199DD1877E2}.Release|Any CPU.ActiveCfg = Release|Any CPU
		{FC2165CF-E2C2-4F19-8952-8199DD1877E2}.Release|Any CPU.Build.0 = Release|Any CPU
		{05C53B41-46AC-48F5-AF88-9A23D89AA357}.Debug|Any CPU.ActiveCfg = Debug|Any CPU
		{05C53B41-46AC-48F5-AF88-9A23D89AA357}.Debug|Any CPU.Build.0 = Debug|Any CPU
		{05C53B41-46AC-48F5-AF88-9A23D89AA357}.Release|Any CPU.ActiveCfg = Release|Any CPU
		{05C53B41-46AC-48F5-AF88-9A23D89AA357}.Release|Any CPU.Build.0 = Release|Any CPU
		{1D954869-9C29-471F-B090-D153A02B485F}.Debug|Any CPU.ActiveCfg = Debug|Any CPU
		{1D954869-9C29-471F-B090-D153A02B485F}.Debug|Any CPU.Build.0 = Debug|Any CPU
		{1D954869-9C29-471F-B090-D153A02B485F}.Release|Any CPU.ActiveCfg = Release|Any CPU
		{1D954869-9C29-471F-B090-D153A02B485F}.Release|Any CPU.Build.0 = Release|Any CPU
		{2C685D30-3182-46E0-9DC3-65C01E562509}.Debug|Any CPU.ActiveCfg = Debug|Any CPU
		{2C685D30-3182-46E0-9DC3-65C01E562509}.Debug|Any CPU.Build.0 = Debug|Any CPU
		{2C685D30-3182-46E0-9DC3-65C01E562509}.Release|Any CPU.ActiveCfg = Release|Any CPU
		{2C685D30-3182-46E0-9DC3-65C01E562509}.Release|Any CPU.Build.0 = Release|Any CPU
		{7F96B064-ED01-4C46-85C1-ADCFE480DAB0}.Debug|Any CPU.ActiveCfg = Debug|Any CPU
		{7F96B064-ED01-4C46-85C1-ADCFE480DAB0}.Debug|Any CPU.Build.0 = Debug|Any CPU
		{7F96B064-ED01-4C46-85C1-ADCFE480DAB0}.Release|Any CPU.ActiveCfg = Release|Any CPU
		{7F96B064-ED01-4C46-85C1-ADCFE480DAB0}.Release|Any CPU.Build.0 = Release|Any CPU
		{17ED36C6-FBFA-4F4C-9262-9543280D979A}.Debug|Any CPU.ActiveCfg = Debug|Any CPU
		{17ED36C6-FBFA-4F4C-9262-9543280D979A}.Debug|Any CPU.Build.0 = Debug|Any CPU
		{17ED36C6-FBFA-4F4C-9262-9543280D979A}.Release|Any CPU.ActiveCfg = Release|Any CPU
		{17ED36C6-FBFA-4F4C-9262-9543280D979A}.Release|Any CPU.Build.0 = Release|Any CPU
	EndGlobalSection
	GlobalSection(SolutionProperties) = preSolution
		HideSolutionNode = FALSE
	EndGlobalSection
	GlobalSection(ExtensibilityGlobals) = postSolution
		SolutionGuid = {F26A92A3-F6EF-43B6-9352-D883F1650A70}
	EndGlobalSection
EndGlobal
