
Microsoft Visual Studio Solution File, Format Version 12.00
# Visual Studio Version 16
VisualStudioVersion = 16.0.30225.117
MinimumVisualStudioVersion = 10.0.40219.1
Project("{FAE04EC0-301F-11D3-BF4B-00C04F79EFBC}") = "exersie", "exersie\exersie.csproj", "{A3291FD2-369F-46C0-AA1A-2E58E7EACD25}"
EndProject
Project("{FAE04EC0-301F-11D3-BF4B-00C04F79EFBC}") = "2", "2\2.csproj", "{346235CF-F9C5-4A86-A89C-E3F05CB0E94B}"
EndProject
Global
	GlobalSection(SolutionConfigurationPlatforms) = preSolution
		Debug|Any CPU = Debug|Any CPU
		Release|Any CPU = Release|Any CPU
	EndGlobalSection
	GlobalSection(ProjectConfigurationPlatforms) = postSolution
		{A3291FD2-369F-46C0-AA1A-2E58E7EACD25}.Debug|Any CPU.ActiveCfg = Debug|Any CPU
		{A3291FD2-369F-46C0-AA1A-2E58E7EACD25}.Debug|Any CPU.Build.0 = Debug|Any CPU
		{A3291FD2-369F-46C0-AA1A-2E58E7EACD25}.Release|Any CPU.ActiveCfg = Release|Any CPU
		{A3291FD2-369F-46C0-AA1A-2E58E7EACD25}.Release|Any CPU.Build.0 = Release|Any CPU
		{346235CF-F9C5-4A86-A89C-E3F05CB0E94B}.Debug|Any CPU.ActiveCfg = Debug|Any CPU
		{346235CF-F9C5-4A86-A89C-E3F05CB0E94B}.Debug|Any CPU.Build.0 = Debug|Any CPU
		{346235CF-F9C5-4A86-A89C-E3F05CB0E94B}.Release|Any CPU.ActiveCfg = Release|Any CPU
		{346235CF-F9C5-4A86-A89C-E3F05CB0E94B}.Release|Any CPU.Build.0 = Release|Any CPU
	EndGlobalSection
	GlobalSection(SolutionProperties) = preSolution
		HideSolutionNode = FALSE
	EndGlobalSection
	GlobalSection(ExtensibilityGlobals) = postSolution
		SolutionGuid = {AFBC24E1-8DA4-4E95-9ABB-ECF59371F687}
	EndGlobalSection
EndGlobal
