
Microsoft Visual Studio Solution File, Format Version 12.00
# Visual Studio Version 16
VisualStudioVersion = 16.0.30225.117
MinimumVisualStudioVersion = 10.0.40219.1
Project("{FAE04EC0-301F-11D3-BF4B-00C04F79EFBC}") = "Company Users", "Company Users\Company Users.csproj", "{24B81173-8FF6-48D3-B564-5D0780928178}"
EndProject
Project("{FAE04EC0-301F-11D3-BF4B-00C04F79EFBC}") = "Judge", "Judge\Judge.csproj", "{437E43A7-98D2-4FDA-B04F-8D6D49F09878}"
EndProject
Project("{FAE04EC0-301F-11D3-BF4B-00C04F79EFBC}") = "ReverseString", "ReverseString\ReverseString.csproj", "{9689A59E-D231-45A0-9F9A-53FB462417C5}"
EndProject
Project("{FAE04EC0-301F-11D3-BF4B-00C04F79EFBC}") = "RepeatStrings", "RepeatStrings\RepeatStrings.csproj", "{CD75AB3C-3D03-4030-B0F1-978963057AE7}"
EndProject
Project("{FAE04EC0-301F-11D3-BF4B-00C04F79EFBC}") = "SubString", "SubString\SubString.csproj", "{65DE751C-AF73-487E-B852-9029A399CF2C}"
EndProject
Global
	GlobalSection(SolutionConfigurationPlatforms) = preSolution
		Debug|Any CPU = Debug|Any CPU
		Release|Any CPU = Release|Any CPU
	EndGlobalSection
	GlobalSection(ProjectConfigurationPlatforms) = postSolution
		{24B81173-8FF6-48D3-B564-5D0780928178}.Debug|Any CPU.ActiveCfg = Debug|Any CPU
		{24B81173-8FF6-48D3-B564-5D0780928178}.Debug|Any CPU.Build.0 = Debug|Any CPU
		{24B81173-8FF6-48D3-B564-5D0780928178}.Release|Any CPU.ActiveCfg = Release|Any CPU
		{24B81173-8FF6-48D3-B564-5D0780928178}.Release|Any CPU.Build.0 = Release|Any CPU
		{437E43A7-98D2-4FDA-B04F-8D6D49F09878}.Debug|Any CPU.ActiveCfg = Debug|Any CPU
		{437E43A7-98D2-4FDA-B04F-8D6D49F09878}.Debug|Any CPU.Build.0 = Debug|Any CPU
		{437E43A7-98D2-4FDA-B04F-8D6D49F09878}.Release|Any CPU.ActiveCfg = Release|Any CPU
		{437E43A7-98D2-4FDA-B04F-8D6D49F09878}.Release|Any CPU.Build.0 = Release|Any CPU
		{9689A59E-D231-45A0-9F9A-53FB462417C5}.Debug|Any CPU.ActiveCfg = Debug|Any CPU
		{9689A59E-D231-45A0-9F9A-53FB462417C5}.Debug|Any CPU.Build.0 = Debug|Any CPU
		{9689A59E-D231-45A0-9F9A-53FB462417C5}.Release|Any CPU.ActiveCfg = Release|Any CPU
		{9689A59E-D231-45A0-9F9A-53FB462417C5}.Release|Any CPU.Build.0 = Release|Any CPU
		{CD75AB3C-3D03-4030-B0F1-978963057AE7}.Debug|Any CPU.ActiveCfg = Debug|Any CPU
		{CD75AB3C-3D03-4030-B0F1-978963057AE7}.Debug|Any CPU.Build.0 = Debug|Any CPU
		{CD75AB3C-3D03-4030-B0F1-978963057AE7}.Release|Any CPU.ActiveCfg = Release|Any CPU
		{CD75AB3C-3D03-4030-B0F1-978963057AE7}.Release|Any CPU.Build.0 = Release|Any CPU
		{65DE751C-AF73-487E-B852-9029A399CF2C}.Debug|Any CPU.ActiveCfg = Debug|Any CPU
		{65DE751C-AF73-487E-B852-9029A399CF2C}.Debug|Any CPU.Build.0 = Debug|Any CPU
		{65DE751C-AF73-487E-B852-9029A399CF2C}.Release|Any CPU.ActiveCfg = Release|Any CPU
		{65DE751C-AF73-487E-B852-9029A399CF2C}.Release|Any CPU.Build.0 = Release|Any CPU
	EndGlobalSection
	GlobalSection(SolutionProperties) = preSolution
		HideSolutionNode = FALSE
	EndGlobalSection
	GlobalSection(ExtensibilityGlobals) = postSolution
		SolutionGuid = {7BAB4B6E-4B9E-4567-925A-74E8591C8550}
	EndGlobalSection
EndGlobal
